// !$*UTF8*$!
{
	archiveVersion = 1;
	classes = {
	};
	objectVersion = 50;
	objects = {

/* Begin PBXBuildFile section */
		5C38704F2282B4E000A9B70F /* Model.swift in Sources */ = {isa = PBXBuildFile; fileRef = 5C38704E2282B4E000A9B70F /* Model.swift */; };
		5C3870512282BBC900A9B70F /* TableViewCell.swift in Sources */ = {isa = PBXBuildFile; fileRef = 5C3870502282BBC900A9B70F /* TableViewCell.swift */; };
		5C88EE9D22829B3000DD8730 /* AppDelegate.swift in Sources */ = {isa = PBXBuildFile; fileRef = 5C88EE9C22829B3000DD8730 /* AppDelegate.swift */; };
		5C88EE9F22829B3000DD8730 /* ViewController.swift in Sources */ = {isa = PBXBuildFile; fileRef = 5C88EE9E22829B3000DD8730 /* ViewController.swift */; };
		5C88EEA222829B3000DD8730 /* Main.storyboard in Resources */ = {isa = PBXBuildFile; fileRef = 5C88EEA022829B3000DD8730 /* Main.storyboard */; };
		5C88EEA422829B3200DD8730 /* Assets.xcassets in Resources */ = {isa = PBXBuildFile; fileRef = 5C88EEA322829B3200DD8730 /* Assets.xcassets */; };
		5C88EEA722829B3200DD8730 /* LaunchScreen.storyboard in Resources */ = {isa = PBXBuildFile; fileRef = 5C88EEA522829B3200DD8730 /* LaunchScreen.storyboard */; };
		5C88EEB222829B3200DD8730 /* JaesoseolAssignmentTests.swift in Sources */ = {isa = PBXBuildFile; fileRef = 5C88EEB122829B3200DD8730 /* JaesoseolAssignmentTests.swift */; };
		5C88EEBD22829B3200DD8730 /* JaesoseolAssignmentUITests.swift in Sources */ = {isa = PBXBuildFile; fileRef = 5C88EEBC22829B3200DD8730 /* JaesoseolAssignmentUITests.swift */; };
/* End PBXBuildFile section */

/* Begin PBXContainerItemProxy section */
		5C88EEAE22829B3200DD8730 /* PBXContainerItemProxy */ = {
			isa = PBXContainerItemProxy;
			containerPortal = 5C88EE9122829B3000DD8730 /* Project object */;
			proxyType = 1;
			remoteGlobalIDString = 5C88EE9822829B3000DD8730;
			remoteInfo = JaesoseolAssignment;
		};
		5C88EEB922829B3200DD8730 /* PBXContainerItemProxy */ = {
			isa = PBXContainerItemProxy;
			containerPortal = 5C88EE9122829B3000DD8730 /* Project object */;
			proxyType = 1;
			remoteGlobalIDString = 5C88EE9822829B3000DD8730;
			remoteInfo = JaesoseolAssignment;
		};
/* End PBXContainerItemProxy section */

/* Begin PBXFileReference section */
		5C38704E2282B4E000A9B70F /* Model.swift */ = {isa = PBXFileReference; lastKnownFileType = sourcecode.swift; path = Model.swift; sourceTree = "<group>"; };
		5C3870502282BBC900A9B70F /* TableViewCell.swift */ = {isa = PBXFileReference; lastKnownFileType = sourcecode.swift; path = TableViewCell.swift; sourceTree = "<group>"; };
		5C88EE9922829B3000DD8730 /* JaesoseolAssignment.app */ = {isa = PBXFileReference; explicitFileType = wrapper.application; includeInIndex = 0; path = JaesoseolAssignment.app; sourceTree = BUILT_PRODUCTS_DIR; };
		5C88EE9C22829B3000DD8730 /* AppDelegate.swift */ = {isa = PBXFileReference; lastKnownFileType = sourcecode.swift; path = AppDelegate.swift; sourceTree = "<group>"; };
		5C88EE9E22829B3000DD8730 /* ViewController.swift */ = {isa = PBXFileReference; lastKnownFileType = sourcecode.swift; path = ViewController.swift; sourceTree = "<group>"; };
		5C88EEA122829B3000DD8730 /* Base */ = {isa = PBXFileReference; lastKnownFileType = file.storyboard; name = Base; path = Base.lproj/Main.storyboard; sourceTree = "<group>"; };
		5C88EEA322829B3200DD8730 /* Assets.xcassets */ = {isa = PBXFileReference; lastKnownFileType = folder.assetcatalog; path = Assets.xcassets; sourceTree = "<group>"; };
		5C88EEA622829B3200DD8730 /* Base */ = {isa = PBXFileReference; lastKnownFileType = file.storyboard; name = Base; path = Base.lproj/LaunchScreen.storyboard; sourceTree = "<group>"; };
		5C88EEA822829B3200DD8730 /* Info.plist */ = {isa = PBXFileReference; lastKnownFileType = text.plist.xml; path = Info.plist; sourceTree = "<group>"; };
		5C88EEAD22829B3200DD8730 /* JaesoseolAssignmentTests.xctest */ = {isa = PBXFileReference; explicitFileType = wrapper.cfbundle; includeInIndex = 0; path = JaesoseolAssignmentTests.xctest; sourceTree = BUILT_PRODUCTS_DIR; };
		5C88EEB122829B3200DD8730 /* JaesoseolAssignmentTests.swift */ = {isa = PBXFileReference; lastKnownFileType = sourcecode.swift; path = JaesoseolAssignmentTests.swift; sourceTree = "<group>"; };
		5C88EEB322829B3200DD8730 /* Info.plist */ = {isa = PBXFileReference; lastKnownFileType = text.plist.xml; path = Info.plist; sourceTree = "<group>"; };
		5C88EEB822829B3200DD8730 /* JaesoseolAssignmentUITests.xctest */ = {isa = PBXFileReference; explicitFileType = wrapper.cfbundle; includeInIndex = 0; path = JaesoseolAssignmentUITests.xctest; sourceTree = BUILT_PRODUCTS_DIR; };
		5C88EEBC22829B3200DD8730 /* JaesoseolAssignmentUITests.swift */ = {isa = PBXFileReference; lastKnownFileType = sourcecode.swift; path = JaesoseolAssignmentUITests.swift; sourceTree = "<group>"; };
		5C88EEBE22829B3200DD8730 /* Info.plist */ = {isa = PBXFileReference; lastKnownFileType = text.plist.xml; path = Info.plist; sourceTree = "<group>"; };
/* End PBXFileReference section */

/* Begin PBXFrameworksBuildPhase section */
		5C88EE9622829B3000DD8730 /* Frameworks */ = {
			isa = PBXFrameworksBuildPhase;
			buildActionMask = 2147483647;
			files = (
			);
			runOnlyForDeploymentPostprocessing = 0;
		};
		5C88EEAA22829B3200DD8730 /* Frameworks */ = {
			isa = PBXFrameworksBuildPhase;
			buildActionMask = 2147483647;
			files = (
			);
			runOnlyForDeploymentPostprocessing = 0;
		};
		5C88EEB522829B3200DD8730 /* Frameworks */ = {
			isa = PBXFrameworksBuildPhase;
			buildActionMask = 2147483647;
			files = (
			);
			runOnlyForDeploymentPostprocessing = 0;
		};
/* End PBXFrameworksBuildPhase section */

/* Begin PBXGroup section */
		5C88EE9022829B3000DD8730 = {
			isa = PBXGroup;
			children = (
				5C88EE9B22829B3000DD8730 /* JaesoseolAssignment */,
				5C88EEB022829B3200DD8730 /* JaesoseolAssignmentTests */,
				5C88EEBB22829B3200DD8730 /* JaesoseolAssignmentUITests */,
				5C88EE9A22829B3000DD8730 /* Products */,
			);
			sourceTree = "<group>";
		};
		5C88EE9A22829B3000DD8730 /* Products */ = {
			isa = PBXGroup;
			children = (
				5C88EE9922829B3000DD8730 /* JaesoseolAssignment.app */,
				5C88EEAD22829B3200DD8730 /* JaesoseolAssignmentTests.xctest */,
				5C88EEB822829B3200DD8730 /* JaesoseolAssignmentUITests.xctest */,
			);
			name = Products;
			sourceTree = "<group>";
		};
		5C88EE9B22829B3000DD8730 /* JaesoseolAssignment */ = {
			isa = PBXGroup;
			children = (
				5C88EE9C22829B3000DD8730 /* AppDelegate.swift */,
				5C88EE9E22829B3000DD8730 /* ViewController.swift */,
				5C88EEA022829B3000DD8730 /* Main.storyboard */,
				5C3870502282BBC900A9B70F /* TableViewCell.swift */,
				5C88EEA322829B3200DD8730 /* Assets.xcassets */,
				5C38704E2282B4E000A9B70F /* Model.swift */,
				5C88EEA522829B3200DD8730 /* LaunchScreen.storyboard */,
				5C88EEA822829B3200DD8730 /* Info.plist */,
			);
			path = JaesoseolAssignment;
			sourceTree = "<group>";
		};
		5C88EEB022829B3200DD8730 /* JaesoseolAssignmentTests */ = {
			isa = PBXGroup;
			children = (
				5C88EEB122829B3200DD8730 /* JaesoseolAssignmentTests.swift */,
				5C88EEB322829B3200DD8730 /* Info.plist */,
			);
			path = JaesoseolAssignmentTests;
			sourceTree = "<group>";
		};
		5C88EEBB22829B3200DD8730 /* JaesoseolAssignmentUITests */ = {
			isa = PBXGroup;
			children = (
				5C88EEBC22829B3200DD8730 /* JaesoseolAssignmentUITests.swift */,
				5C88EEBE22829B3200DD8730 /* Info.plist */,
			);
			path = JaesoseolAssignmentUITests;
			sourceTree = "<group>";
		};
/* End PBXGroup section */

/* Begin PBXNativeTarget section */
		5C88EE9822829B3000DD8730 /* JaesoseolAssignment */ = {
			isa = PBXNativeTarget;
			buildConfigurationList = 5C88EEC122829B3200DD8730 /* Build configuration list for PBXNativeTarget "JaesoseolAssignment" */;
			buildPhases = (
				5C88EE9522829B3000DD8730 /* Sources */,
				5C88EE9622829B3000DD8730 /* Frameworks */,
				5C88EE9722829B3000DD8730 /* Resources */,
			);
			buildRules = (
			);
			dependencies = (
			);
			name = JaesoseolAssignment;
			productName = JaesoseolAssignment;
			productReference = 5C88EE9922829B3000DD8730 /* JaesoseolAssignment.app */;
			productType = "com.apple.product-type.application";
		};
		5C88EEAC22829B3200DD8730 /* JaesoseolAssignmentTests */ = {
			isa = PBXNativeTarget;
			buildConfigurationList = 5C88EEC422829B3200DD8730 /* Build configuration list for PBXNativeTarget "JaesoseolAssignmentTests" */;
			buildPhases = (
				5C88EEA922829B3200DD8730 /* Sources */,
				5C88EEAA22829B3200DD8730 /* Frameworks */,
				5C88EEAB22829B3200DD8730 /* Resources */,
			);
			buildRules = (
			);
			dependencies = (
				5C88EEAF22829B3200DD8730 /* PBXTargetDependency */,
			);
			name = JaesoseolAssignmentTests;
			productName = JaesoseolAssignmentTests;
			productReference = 5C88EEAD22829B3200DD8730 /* JaesoseolAssignmentTests.xctest */;
			productType = "com.apple.product-type.bundle.unit-test";
		};
		5C88EEB722829B3200DD8730 /* JaesoseolAssignmentUITests */ = {
			isa = PBXNativeTarget;
			buildConfigurationList = 5C88EEC722829B3200DD8730 /* Build configuration list for PBXNativeTarget "JaesoseolAssignmentUITests" */;
			buildPhases = (
				5C88EEB422829B3200DD8730 /* Sources */,
				5C88EEB522829B3200DD8730 /* Frameworks */,
				5C88EEB622829B3200DD8730 /* Resources */,
			);
			buildRules = (
			);
			dependencies = (
				5C88EEBA22829B3200DD8730 /* PBXTargetDependency */,
			);
			name = JaesoseolAssignmentUITests;
			productName = JaesoseolAssignmentUITests;
			productReference = 5C88EEB822829B3200DD8730 /* JaesoseolAssignmentUITests.xctest */;
			productType = "com.apple.product-type.bundle.ui-testing";
		};
/* End PBXNativeTarget section */

/* Begin PBXProject section */
		5C88EE9122829B3000DD8730 /* Project object */ = {
			isa = PBXProject;
			attributes = {
				LastSwiftUpdateCheck = 1020;
				LastUpgradeCheck = 1020;
				ORGANIZATIONNAME = "진형진";
				TargetAttributes = {
					5C88EE9822829B3000DD8730 = {
						CreatedOnToolsVersion = 10.2.1;
					};
					5C88EEAC22829B3200DD8730 = {
						CreatedOnToolsVersion = 10.2.1;
						TestTargetID = 5C88EE9822829B3000DD8730;
					};
					5C88EEB722829B3200DD8730 = {
						CreatedOnToolsVersion = 10.2.1;
						TestTargetID = 5C88EE9822829B3000DD8730;
					};
				};
			};
			buildConfigurationList = 5C88EE9422829B3000DD8730 /* Build configuration list for PBXProject "JaesoseolAssignment" */;
			compatibilityVersion = "Xcode 9.3";
			developmentRegion = en;
			hasScannedForEncodings = 0;
			knownRegions = (
				en,
				Base,
			);
			mainGroup = 5C88EE9022829B3000DD8730;
			productRefGroup = 5C88EE9A22829B3000DD8730 /* Products */;
			projectDirPath = "";
			projectRoot = "";
			targets = (
				5C88EE9822829B3000DD8730 /* JaesoseolAssignment */,
				5C88EEAC22829B3200DD8730 /* JaesoseolAssignmentTests */,
				5C88EEB722829B3200DD8730 /* JaesoseolAssignmentUITests */,
			);
		};
/* End PBXProject section */

/* Begin PBXResourcesBuildPhase section */
		5C88EE9722829B3000DD8730 /* Resources */ = {
			isa = PBXResourcesBuildPhase;
			buildActionMask = 2147483647;
			files = (
				5C88EEA722829B3200DD8730 /* LaunchScreen.storyboard in Resources */,
				5C88EEA422829B3200DD8730 /* Assets.xcassets in Resources */,
				5C88EEA222829B3000DD8730 /* Main.storyboard in Resources */,
			);
			runOnlyForDeploymentPostprocessing = 0;
		};
		5C88EEAB22829B3200DD8730 /* Resources */ = {
			isa = PBXResourcesBuildPhase;
			buildActionMask = 2147483647;
			files = (
			);
			runOnlyForDeploymentPostprocessing = 0;
		};
		5C88EEB622829B3200DD8730 /* Resources */ = {
			isa = PBXResourcesBuildPhase;
			buildActionMask = 2147483647;
			files = (
			);
			runOnlyForDeploymentPostprocessing = 0;
		};
/* End PBXResourcesBuildPhase section */

/* Begin PBXSourcesBuildPhase section */
		5C88EE9522829B3000DD8730 /* Sources */ = {
			isa = PBXSourcesBuildPhase;
			buildActionMask = 2147483647;
			files = (
				5C38704F2282B4E000A9B70F /* Model.swift in Sources */,
				5C3870512282BBC900A9B70F /* TableViewCell.swift in Sources */,
				5C88EE9F22829B3000DD8730 /* ViewController.swift in Sources */,
				5C88EE9D22829B3000DD8730 /* AppDelegate.swift in Sources */,
			);
			runOnlyForDeploymentPostprocessing = 0;
		};
		5C88EEA922829B3200DD8730 /* Sources */ = {
			isa = PBXSourcesBuildPhase;
			buildActionMask = 2147483647;
			files = (
				5C88EEB222829B3200DD8730 /* JaesoseolAssignmentTests.swift in Sources */,
			);
			runOnlyForDeploymentPostprocessing = 0;
		};
		5C88EEB422829B3200DD8730 /* Sources */ = {
			isa = PBXSourcesBuildPhase;
			buildActionMask = 2147483647;
			files = (
				5C88EEBD22829B3200DD8730 /* JaesoseolAssignmentUITests.swift in Sources */,
			);
			runOnlyForDeploymentPostprocessing = 0;
		};
/* End PBXSourcesBuildPhase section */

/* Begin PBXTargetDependency section */
		5C88EEAF22829B3200DD8730 /* PBXTargetDependency */ = {
			isa = PBXTargetDependency;
			target = 5C88EE9822829B3000DD8730 /* JaesoseolAssignment */;
			targetProxy = 5C88EEAE22829B3200DD8730 /* PBXContainerItemProxy */;
		};
		5C88EEBA22829B3200DD8730 /* PBXTargetDependency */ = {
			isa = PBXTargetDependency;
			target = 5C88EE9822829B3000DD8730 /* JaesoseolAssignment */;
			targetProxy = 5C88EEB922829B3200DD8730 /* PBXContainerItemProxy */;
		};
/* End PBXTargetDependency section */

/* Begin PBXVariantGroup section */
		5C88EEA022829B3000DD8730 /* Main.storyboard */ = {
			isa = PBXVariantGroup;
			children = (
				5C88EEA122829B3000DD8730 /* Base */,
			);
			name = Main.storyboard;
			sourceTree = "<group>";
		};
		5C88EEA522829B3200DD8730 /* LaunchScreen.storyboard */ = {
			isa = PBXVariantGroup;
			children = (
				5C88EEA622829B3200DD8730 /* Base */,
			);
			name = LaunchScreen.storyboard;
			sourceTree = "<group>";
		};
/* End PBXVariantGroup section */

/* Begin XCBuildConfiguration section */
		5C88EEBF22829B3200DD8730 /* Debug */ = {
			isa = XCBuildConfiguration;
			buildSettings = {
				ALWAYS_SEARCH_USER_PATHS = NO;
				CLANG_ANALYZER_NONNULL = YES;
				CLANG_ANALYZER_NUMBER_OBJECT_CONVERSION = YES_AGGRESSIVE;
				CLANG_CXX_LANGUAGE_STANDARD = "gnu++14";
				CLANG_CXX_LIBRARY = "libc++";
				CLANG_ENABLE_MODULES = YES;
				CLANG_ENABLE_OBJC_ARC = YES;
				CLANG_ENABLE_OBJC_WEAK = YES;
				CLANG_WARN_BLOCK_CAPTURE_AUTORELEASING = YES;
				CLANG_WARN_BOOL_CONVERSION = YES;
				CLANG_WARN_COMMA = YES;
				CLANG_WARN_CONSTANT_CONVERSION = YES;
				CLANG_WARN_DEPRECATED_OBJC_IMPLEMENTATIONS = YES;
				CLANG_WARN_DIRECT_OBJC_ISA_USAGE = YES_ERROR;
				CLANG_WARN_DOCUMENTATION_COMMENTS = YES;
				CLANG_WARN_EMPTY_BODY = YES;
				CLANG_WARN_ENUM_CONVERSION = YES;
				CLANG_WARN_INFINITE_RECURSION = YES;
				CLANG_WARN_INT_CONVERSION = YES;
				CLANG_WARN_NON_LITERAL_NULL_CONVERSION = YES;
				CLANG_WARN_OBJC_IMPLICIT_RETAIN_SELF = YES;
				CLANG_WARN_OBJC_LITERAL_CONVERSION = YES;
				CLANG_WARN_OBJC_ROOT_CLASS = YES_ERROR;
				CLANG_WARN_RANGE_LOOP_ANALYSIS = YES;
				CLANG_WARN_STRICT_PROTOTYPES = YES;
				CLANG_WARN_SUSPICIOUS_MOVE = YES;
				CLANG_WARN_UNGUARDED_AVAILABILITY = YES_AGGRESSIVE;
				CLANG_WARN_UNREACHABLE_CODE = YES;
				CLANG_WARN__DUPLICATE_METHOD_MATCH = YES;
				CODE_SIGN_IDENTITY = "iPhone Developer";
				COPY_PHASE_STRIP = NO;
				DEBUG_INFORMATION_FORMAT = dwarf;
				ENABLE_STRICT_OBJC_MSGSEND = YES;
				ENABLE_TESTABILITY = YES;
				GCC_C_LANGUAGE_STANDARD = gnu11;
				GCC_DYNAMIC_NO_PIC = NO;
				GCC_NO_COMMON_BLOCKS = YES;
				GCC_OPTIMIZATION_LEVEL = 0;
				GCC_PREPROCESSOR_DEFINITIONS = (
					"DEBUG=1",
					"$(inherited)",
				);
				GCC_WARN_64_TO_32_BIT_CONVERSION = YES;
				GCC_WARN_ABOUT_RETURN_TYPE = YES_ERROR;
				GCC_WARN_UNDECLARED_SELECTOR = YES;
				GCC_WARN_UNINITIALIZED_AUTOS = YES_AGGRESSIVE;
				GCC_WARN_UNUSED_FUNCTION = YES;
				GCC_WARN_UNUSED_VARIABLE = YES;
				IPHONEOS_DEPLOYMENT_TARGET = 12.2;
				MTL_ENABLE_DEBUG_INFO = INCLUDE_SOURCE;
				MTL_FAST_MATH = YES;
				ONLY_ACTIVE_ARCH = YES;
				SDKROOT = iphoneos;
				SWIFT_ACTIVE_COMPILATION_CONDITIONS = DEBUG;
				SWIFT_OPTIMIZATION_LEVEL = "-Onone";
			};
			name = Debug;
		};
		5C88EEC022829B3200DD8730 /* Release */ = {
			isa = XCBuildConfiguration;
			buildSettings = {
				ALWAYS_SEARCH_USER_PATHS = NO;
				CLANG_ANALYZER_NONNULL = YES;
				CLANG_ANALYZER_NUMBER_OBJECT_CONVERSION = YES_AGGRESSIVE;
				CLANG_CXX_LANGUAGE_STANDARD = "gnu++14";
				CLANG_CXX_LIBRARY = "libc++";
				CLANG_ENABLE_MODULES = YES;
				CLANG_ENABLE_OBJC_ARC = YES;
				CLANG_ENABLE_OBJC_WEAK = YES;
				CLANG_WARN_BLOCK_CAPTURE_AUTORELEASING = YES;
				CLANG_WARN_BOOL_CONVERSION = YES;
				CLANG_WARN_COMMA = YES;
				CLANG_WARN_CONSTANT_CONVERSION = YES;
				CLANG_WARN_DEPRECATED_OBJC_IMPLEMENTATIONS = YES;
				CLANG_WARN_DIRECT_OBJC_ISA_USAGE = YES_ERROR;
				CLANG_WARN_DOCUMENTATION_COMMENTS = YES;
				CLANG_WARN_EMPTY_BODY = YES;
				CLANG_WARN_ENUM_CONVERSION = YES;
				CLANG_WARN_INFINITE_RECURSION = YES;
				CLANG_WARN_INT_CONVERSION = YES;
				CLANG_WARN_NON_LITERAL_NULL_CONVERSION = YES;
				CLANG_WARN_OBJC_IMPLICIT_RETAIN_SELF = YES;
				CLANG_WARN_OBJC_LITERAL_CONVERSION = YES;
				CLANG_WARN_OBJC_ROOT_CLASS = YES_ERROR;
				CLANG_WARN_RANGE_LOOP_ANALYSIS = YES;
				CLANG_WARN_STRICT_PROTOTYPES = YES;
				CLANG_WARN_SUSPICIOUS_MOVE = YES;
				CLANG_WARN_UNGUARDED_AVAILABILITY = YES_AGGRESSIVE;
				CLANG_WARN_UNREACHABLE_CODE = YES;
				CLANG_WARN__DUPLICATE_METHOD_MATCH = YES;
				CODE_SIGN_IDENTITY = "iPhone Developer";
				COPY_PHASE_STRIP = NO;
				DEBUG_INFORMATION_FORMAT = "dwarf-with-dsym";
				ENABLE_NS_ASSERTIONS = NO;
				ENABLE_STRICT_OBJC_MSGSEND = YES;
				GCC_C_LANGUAGE_STANDARD = gnu11;
				GCC_NO_COMMON_BLOCKS = YES;
				GCC_WARN_64_TO_32_BIT_CONVERSION = YES;
				GCC_WARN_ABOUT_RETURN_TYPE = YES_ERROR;
				GCC_WARN_UNDECLARED_SELECTOR = YES;
				GCC_WARN_UNINITIALIZED_AUTOS = YES_AGGRESSIVE;
				GCC_WARN_UNUSED_FUNCTION = YES;
				GCC_WARN_UNUSED_VARIABLE = YES;
				IPHONEOS_DEPLOYMENT_TARGET = 12.2;
				MTL_ENABLE_DEBUG_INFO = NO;
				MTL_FAST_MATH = YES;
				SDKROOT = iphoneos;
				SWIFT_COMPILATION_MODE = wholemodule;
				SWIFT_OPTIMIZATION_LEVEL = "-O";
				VALIDATE_PRODUCT = YES;
			};
			name = Release;
		};
		5C88EEC222829B3200DD8730 /* Debug */ = {
			isa = XCBuildConfiguration;
			buildSettings = {
				ASSETCATALOG_COMPILER_APPICON_NAME = AppIcon;
				CODE_SIGN_STYLE = Automatic;
				INFOPLIST_FILE = JaesoseolAssignment/Info.plist;
				LD_RUNPATH_SEARCH_PATHS = (
					"$(inherited)",
					"@executable_path/Frameworks",
				);
				PRODUCT_BUNDLE_IDENTIFIER = com.example.JaesoseolAssignment;
				PRODUCT_NAME = "$(TARGET_NAME)";
				SWIFT_VERSION = 5.0;
				TARGETED_DEVICE_FAMILY = "1,2";
			};
			name = Debug;
		};
		5C88EEC322829B3200DD8730 /* Release */ = {
			isa = XCBuildConfiguration;
			buildSettings = {
				ASSETCATALOG_COMPILER_APPICON_NAME = AppIcon;
				CODE_SIGN_STYLE = Automatic;
				INFOPLIST_FILE = JaesoseolAssignment/Info.plist;
				LD_RUNPATH_SEARCH_PATHS = (
					"$(inherited)",
					"@executable_path/Frameworks",
				);
				PRODUCT_BUNDLE_IDENTIFIER = com.example.JaesoseolAssignment;
				PRODUCT_NAME = "$(TARGET_NAME)";
				SWIFT_VERSION = 5.0;
				TARGETED_DEVICE_FAMILY = "1,2";
			};
			name = Release;
		};
		5C88EEC522829B3200DD8730 /* Debug */ = {
			isa = XCBuildConfiguration;
			buildSettings = {
				ALWAYS_EMBED_SWIFT_STANDARD_LIBRARIES = YES;
				BUNDLE_LOADER = "$(TEST_HOST)";
				CODE_SIGN_STYLE = Automatic;
				INFOPLIST_FILE = JaesoseolAssignmentTests/Info.plist;
				LD_RUNPATH_SEARCH_PATHS = (
					"$(inherited)",
					"@executable_path/Frameworks",
					"@loader_path/Frameworks",
				);
				PRODUCT_BUNDLE_IDENTIFIER = com.example.JaesoseolAssignmentTests;
				PRODUCT_NAME = "$(TARGET_NAME)";
				SWIFT_VERSION = 5.0;
				TARGETED_DEVICE_FAMILY = "1,2";
				TEST_HOST = "$(BUILT_PRODUCTS_DIR)/JaesoseolAssignment.app/JaesoseolAssignment";
			};
			name = Debug;
		};
		5C88EEC622829B3200DD8730 /* Release */ = {
			isa = XCBuildConfiguration;
			buildSettings = {
				ALWAYS_EMBED_SWIFT_STANDARD_LIBRARIES = YES;
				BUNDLE_LOADER = "$(TEST_HOST)";
				CODE_SIGN_STYLE = Automatic;
				INFOPLIST_FILE = JaesoseolAssignmentTests/Info.plist;
				LD_RUNPATH_SEARCH_PATHS = (
					"$(inherited)",
					"@executable_path/Frameworks",
					"@loader_path/Frameworks",
				);
				PRODUCT_BUNDLE_IDENTIFIER = com.example.JaesoseolAssignmentTests;
				PRODUCT_NAME = "$(TARGET_NAME)";
				SWIFT_VERSION = 5.0;
				TARGETED_DEVICE_FAMILY = "1,2";
				TEST_HOST = "$(BUILT_PRODUCTS_DIR)/JaesoseolAssignment.app/JaesoseolAssignment";
			};
			name = Release;
		};
		5C88EEC822829B3200DD8730 /* Debug */ = {
			isa = XCBuildConfiguration;
			buildSettings = {
				ALWAYS_EMBED_SWIFT_STANDARD_LIBRARIES = YES;
				CODE_SIGN_STYLE = Automatic;
				INFOPLIST_FILE = JaesoseolAssignmentUITests/Info.plist;
				LD_RUNPATH_SEARCH_PATHS = (
					"$(inherited)",
					"@executable_path/Frameworks",
					"@loader_path/Frameworks",
				);
				PRODUCT_BUNDLE_IDENTIFIER = com.example.JaesoseolAssignmentUITests;
				PRODUCT_NAME = "$(TARGET_NAME)";
				SWIFT_VERSION = 5.0;
				TARGETED_DEVICE_FAMILY = "1,2";
				TEST_TARGET_NAME = JaesoseolAssignment;
			};
			name = Debug;
		};
		5C88EEC922829B3200DD8730 /* Release */ = {
			isa = XCBuildConfiguration;
			buildSettings = {
				ALWAYS_EMBED_SWIFT_STANDARD_LIBRARIES = YES;
				CODE_SIGN_STYLE = Automatic;
				INFOPLIST_FILE = JaesoseolAssignmentUITests/Info.plist;
				LD_RUNPATH_SEARCH_PATHS = (
					"$(inherited)",
					"@executable_path/Frameworks",
					"@loader_path/Frameworks",
				);
				PRODUCT_BUNDLE_IDENTIFIER = com.example.JaesoseolAssignmentUITests;
				PRODUCT_NAME = "$(TARGET_NAME)";
				SWIFT_VERSION = 5.0;
				TARGETED_DEVICE_FAMILY = "1,2";
				TEST_TARGET_NAME = JaesoseolAssignment;
			};
			name = Release;
		};
/* End XCBuildConfiguration section */

/* Begin XCConfigurationList section */
		5C88EE9422829B3000DD8730 /* Build configuration list for PBXProject "JaesoseolAssignment" */ = {
			isa = XCConfigurationList;
			buildConfigurations = (
				5C88EEBF22829B3200DD8730 /* Debug */,
				5C88EEC022829B3200DD8730 /* Release */,
			);
			defaultConfigurationIsVisible = 0;
			defaultConfigurationName = Release;
		};
		5C88EEC122829B3200DD8730 /* Build configuration list for PBXNativeTarget "JaesoseolAssignment" */ = {
			isa = XCConfigurationList;
			buildConfigurations = (
				5C88EEC222829B3200DD8730 /* Debug */,
				5C88EEC322829B3200DD8730 /* Release */,
			);
			defaultConfigurationIsVisible = 0;
			defaultConfigurationName = Release;
		};
		5C88EEC422829B3200DD8730 /* Build configuration list for PBXNativeTarget "JaesoseolAssignmentTests" */ = {
			isa = XCConfigurationList;
			buildConfigurations = (
				5C88EEC522829B3200DD8730 /* Debug */,
				5C88EEC622829B3200DD8730 /* Release */,
			);
			defaultConfigurationIsVisible = 0;
			defaultConfigurationName = Release;
		};
		5C88EEC722829B3200DD8730 /* Build configuration list for PBXNativeTarget "JaesoseolAssignmentUITests" */ = {
			isa = XCConfigurationList;
			buildConfigurations = (
				5C88EEC822829B3200DD8730 /* Debug */,
				5C88EEC922829B3200DD8730 /* Release */,
			);
			defaultConfigurationIsVisible = 0;
			defaultConfigurationName = Release;
		};
/* End XCConfigurationList section */
	};
	rootObject = 5C88EE9122829B3000DD8730 /* Project object */;
}
